// !$*UTF8*$!
{
	archiveVersion = 1;
	classes = {
	};
	objectVersion = 56;
	objects = {

/* Begin PBXBuildFile section */
		B09D56C92C1CFF9A00F5BD98 /* BringATrailerApp.swift in Sources */ = {isa = PBXBuildFile; fileRef = B09D56C82C1CFF9A00F5BD98 /* BringATrailerApp.swift */; };
		B09D56CB2C1CFF9A00F5BD98 /* ContentView.swift in Sources */ = {isa = PBXBuildFile; fileRef = B09D56CA2C1CFF9A00F5BD98 /* ContentView.swift */; };
		B09D56CD2C1CFF9B00F5BD98 /* Assets.xcassets in Resources */ = {isa = PBXBuildFile; fileRef = B09D56CC2C1CFF9B00F5BD98 /* Assets.xcassets */; };
		B09D56D02C1CFF9B00F5BD98 /* Preview Assets.xcassets in Resources */ = {isa = PBXBuildFile; fileRef = B09D56CF2C1CFF9B00F5BD98 /* Preview Assets.xcassets */; };
		B09D56DC2C1D446900F5BD98 /* Auction.swift in Sources */ = {isa = PBXBuildFile; fileRef = B09D56DB2C1D446900F5BD98 /* Auction.swift */; };
		B09D56E12C1D45A700F5BD98 /* Extension+Bundle.swift in Sources */ = {isa = PBXBuildFile; fileRef = B09D56E02C1D45A700F5BD98 /* Extension+Bundle.swift */; };
		B09D56E82C1D47BC00F5BD98 /* OpenSans-Light.ttf in Resources */ = {isa = PBXBuildFile; fileRef = B09D56E32C1D47BB00F5BD98 /* OpenSans-Light.ttf */; };
		B09D56E92C1D47BC00F5BD98 /* OpenSans-Regular.ttf in Resources */ = {isa = PBXBuildFile; fileRef = B09D56E42C1D47BB00F5BD98 /* OpenSans-Regular.ttf */; };
		B09D56EA2C1D47BC00F5BD98 /* OpenSans-SemiBold.ttf in Resources */ = {isa = PBXBuildFile; fileRef = B09D56E52C1D47BB00F5BD98 /* OpenSans-SemiBold.ttf */; };
		B09D56EB2C1D47BC00F5BD98 /* OpenSans-ExtraBold.ttf in Resources */ = {isa = PBXBuildFile; fileRef = B09D56E62C1D47BC00F5BD98 /* OpenSans-ExtraBold.ttf */; };
		B09D56EC2C1D47BC00F5BD98 /* OpenSans-Bold.ttf in Resources */ = {isa = PBXBuildFile; fileRef = B09D56E72C1D47BC00F5BD98 /* OpenSans-Bold.ttf */; };
		B09D56EF2C1D487B00F5BD98 /* FontManager.swift in Sources */ = {isa = PBXBuildFile; fileRef = B09D56EE2C1D487B00F5BD98 /* FontManager.swift */; };
		B09D56F12C1D4AA500F5BD98 /* AuctionData.swift in Sources */ = {isa = PBXBuildFile; fileRef = B09D56F02C1D4AA500F5BD98 /* AuctionData.swift */; };
		B09D571A2C1D77A500F5BD98 /* video_a_03.mp4 in Resources */ = {isa = PBXBuildFile; fileRef = B09D57162C1D77A400F5BD98 /* video_a_03.mp4 */; };
		B09D571B2C1D77A500F5BD98 /* video_a_01.mp4 in Resources */ = {isa = PBXBuildFile; fileRef = B09D57172C1D77A400F5BD98 /* video_a_01.mp4 */; };
		B09D571C2C1D77A500F5BD98 /* video_a_02.mp4 in Resources */ = {isa = PBXBuildFile; fileRef = B09D57182C1D77A400F5BD98 /* video_a_02.mp4 */; };
		B09D571D2C1D77A500F5BD98 /* video_a_04.mp4 in Resources */ = {isa = PBXBuildFile; fileRef = B09D57192C1D77A500F5BD98 /* video_a_04.mp4 */; };
		B09D57222C1D77B000F5BD98 /* video_b_03.mp4 in Resources */ = {isa = PBXBuildFile; fileRef = B09D571E2C1D77B000F5BD98 /* video_b_03.mp4 */; };
		B09D57232C1D77B000F5BD98 /* video_b_01.mp4 in Resources */ = {isa = PBXBuildFile; fileRef = B09D571F2C1D77B000F5BD98 /* video_b_01.mp4 */; };
		B09D57242C1D77B000F5BD98 /* video_b_02.mp4 in Resources */ = {isa = PBXBuildFile; fileRef = B09D57202C1D77B000F5BD98 /* video_b_02.mp4 */; };
		B09D57252C1D77B000F5BD98 /* video_b_04.mp4 in Resources */ = {isa = PBXBuildFile; fileRef = B09D57212C1D77B000F5BD98 /* video_b_04.mp4 */; };
		B09D57262C1E03D500F5BD98 /* auctions.json in Resources */ = {isa = PBXBuildFile; fileRef = B09D56DE2C1D448100F5BD98 /* auctions.json */; };
		B09D57282C1E0BC200F5BD98 /* AuctionDetailView.swift in Sources */ = {isa = PBXBuildFile; fileRef = B09D57272C1E0BC200F5BD98 /* AuctionDetailView.swift */; };
		B09D572A2C1E0BD300F5BD98 /* AuctionRowView.swift in Sources */ = {isa = PBXBuildFile; fileRef = B09D57292C1E0BD300F5BD98 /* AuctionRowView.swift */; };
/* End PBXBuildFile section */

/* Begin PBXFileReference section */
		B09D56C52C1CFF9A00F5BD98 /* BaT.app */ = {isa = PBXFileReference; explicitFileType = wrapper.application; includeInIndex = 0; path = BaT.app; sourceTree = BUILT_PRODUCTS_DIR; };
		B09D56C82C1CFF9A00F5BD98 /* BringATrailerApp.swift */ = {isa = PBXFileReference; lastKnownFileType = sourcecode.swift; path = BringATrailerApp.swift; sourceTree = "<group>"; };
		B09D56CA2C1CFF9A00F5BD98 /* ContentView.swift */ = {isa = PBXFileReference; lastKnownFileType = sourcecode.swift; path = ContentView.swift; sourceTree = "<group>"; };
		B09D56CC2C1CFF9B00F5BD98 /* Assets.xcassets */ = {isa = PBXFileReference; lastKnownFileType = folder.assetcatalog; path = Assets.xcassets; sourceTree = "<group>"; };
		B09D56CF2C1CFF9B00F5BD98 /* Preview Assets.xcassets */ = {isa = PBXFileReference; lastKnownFileType = folder.assetcatalog; path = "Preview Assets.xcassets"; sourceTree = "<group>"; };
		B09D56DB2C1D446900F5BD98 /* Auction.swift */ = {isa = PBXFileReference; lastKnownFileType = sourcecode.swift; path = Auction.swift; sourceTree = "<group>"; };
		B09D56DE2C1D448100F5BD98 /* auctions.json */ = {isa = PBXFileReference; fileEncoding = 4; lastKnownFileType = text.json; path = auctions.json; sourceTree = "<group>"; };
		B09D56E02C1D45A700F5BD98 /* Extension+Bundle.swift */ = {isa = PBXFileReference; lastKnownFileType = sourcecode.swift; path = "Extension+Bundle.swift"; sourceTree = "<group>"; };
		B09D56E32C1D47BB00F5BD98 /* OpenSans-Light.ttf */ = {isa = PBXFileReference; lastKnownFileType = file; path = "OpenSans-Light.ttf"; sourceTree = "<group>"; };
		B09D56E42C1D47BB00F5BD98 /* OpenSans-Regular.ttf */ = {isa = PBXFileReference; lastKnownFileType = file; path = "OpenSans-Regular.ttf"; sourceTree = "<group>"; };
		B09D56E52C1D47BB00F5BD98 /* OpenSans-SemiBold.ttf */ = {isa = PBXFileReference; lastKnownFileType = file; path = "OpenSans-SemiBold.ttf"; sourceTree = "<group>"; };
		B09D56E62C1D47BC00F5BD98 /* OpenSans-ExtraBold.ttf */ = {isa = PBXFileReference; lastKnownFileType = file; path = "OpenSans-ExtraBold.ttf"; sourceTree = "<group>"; };
		B09D56E72C1D47BC00F5BD98 /* OpenSans-Bold.ttf */ = {isa = PBXFileReference; lastKnownFileType = file; path = "OpenSans-Bold.ttf"; sourceTree = "<group>"; };
		B09D56ED2C1D47DC00F5BD98 /* BaT-Info.plist */ = {isa = PBXFileReference; lastKnownFileType = text.plist; path = "BaT-Info.plist"; sourceTree = "<group>"; };
		B09D56EE2C1D487B00F5BD98 /* FontManager.swift */ = {isa = PBXFileReference; lastKnownFileType = sourcecode.swift; path = FontManager.swift; sourceTree = "<group>"; };
		B09D56F02C1D4AA500F5BD98 /* AuctionData.swift */ = {isa = PBXFileReference; lastKnownFileType = sourcecode.swift; path = AuctionData.swift; sourceTree = "<group>"; };
		B09D57162C1D77A400F5BD98 /* video_a_03.mp4 */ = {isa = PBXFileReference; lastKnownFileType = file; path = video_a_03.mp4; sourceTree = "<group>"; };
		B09D57172C1D77A400F5BD98 /* video_a_01.mp4 */ = {isa = PBXFileReference; lastKnownFileType = file; path = video_a_01.mp4; sourceTree = "<group>"; };
		B09D57182C1D77A400F5BD98 /* video_a_02.mp4 */ = {isa = PBXFileReference; lastKnownFileType = file; path = video_a_02.mp4; sourceTree = "<group>"; };
		B09D57192C1D77A500F5BD98 /* video_a_04.mp4 */ = {isa = PBXFileReference; lastKnownFileType = file; path = video_a_04.mp4; sourceTree = "<group>"; };
		B09D571E2C1D77B000F5BD98 /* video_b_03.mp4 */ = {isa = PBXFileReference; lastKnownFileType = file; path = video_b_03.mp4; sourceTree = "<group>"; };
		B09D571F2C1D77B000F5BD98 /* video_b_01.mp4 */ = {isa = PBXFileReference; lastKnownFileType = file; path = video_b_01.mp4; sourceTree = "<group>"; };
		B09D57202C1D77B000F5BD98 /* video_b_02.mp4 */ = {isa = PBXFileReference; lastKnownFileType = file; path = video_b_02.mp4; sourceTree = "<group>"; };
		B09D57212C1D77B000F5BD98 /* video_b_04.mp4 */ = {isa = PBXFileReference; lastKnownFileType = file; path = video_b_04.mp4; sourceTree = "<group>"; };
		B09D57272C1E0BC200F5BD98 /* AuctionDetailView.swift */ = {isa = PBXFileReference; lastKnownFileType = sourcecode.swift; path = AuctionDetailView.swift; sourceTree = "<group>"; };
		B09D57292C1E0BD300F5BD98 /* AuctionRowView.swift */ = {isa = PBXFileReference; lastKnownFileType = sourcecode.swift; path = AuctionRowView.swift; sourceTree = "<group>"; };
/* End PBXFileReference section */

/* Begin PBXFrameworksBuildPhase section */
		B09D56C22C1CFF9A00F5BD98 /* Frameworks */ = {
			isa = PBXFrameworksBuildPhase;
			buildActionMask = 2147483647;
			files = (
			);
			runOnlyForDeploymentPostprocessing = 0;
		};
/* End PBXFrameworksBuildPhase section */

/* Begin PBXGroup section */
		B09D56BC2C1CFF9A00F5BD98 = {
			isa = PBXGroup;
			children = (
				B09D56ED2C1D47DC00F5BD98 /* BaT-Info.plist */,
				B09D56C72C1CFF9A00F5BD98 /* BringATrailer */,
				B09D56C62C1CFF9A00F5BD98 /* Products */,
			);
			sourceTree = "<group>";
		};
		B09D56C62C1CFF9A00F5BD98 /* Products */ = {
			isa = PBXGroup;
			children = (
				B09D56C52C1CFF9A00F5BD98 /* BaT.app */,
			);
			name = Products;
			sourceTree = "<group>";
		};
		B09D56C72C1CFF9A00F5BD98 /* BringATrailer */ = {
			isa = PBXGroup;
			children = (
				B09D56C82C1CFF9A00F5BD98 /* BringATrailerApp.swift */,
				B09D56CA2C1CFF9A00F5BD98 /* ContentView.swift */,
				B09D56D72C1D044600F5BD98 /* Views */,
				B09D56D62C1D044100F5BD98 /* Models */,
				B09D56DA2C1D066100F5BD98 /* Utils */,
				B09D56D82C1D044E00F5BD98 /* Resources */,
				B09D56CC2C1CFF9B00F5BD98 /* Assets.xcassets */,
				B09D56CE2C1CFF9B00F5BD98 /* Preview Content */,
			);
			path = BringATrailer;
			sourceTree = "<group>";
		};
		B09D56CE2C1CFF9B00F5BD98 /* Preview Content */ = {
			isa = PBXGroup;
			children = (
				B09D56CF2C1CFF9B00F5BD98 /* Preview Assets.xcassets */,
			);
			path = "Preview Content";
			sourceTree = "<group>";
		};
		B09D56D62C1D044100F5BD98 /* Models */ = {
			isa = PBXGroup;
			children = (
				B09D56DB2C1D446900F5BD98 /* Auction.swift */,
				B09D56F02C1D4AA500F5BD98 /* AuctionData.swift */,
			);
			path = Models;
			sourceTree = "<group>";
		};
		B09D56D72C1D044600F5BD98 /* Views */ = {
			isa = PBXGroup;
			children = (
				B09D57272C1E0BC200F5BD98 /* AuctionDetailView.swift */,
				B09D57292C1E0BD300F5BD98 /* AuctionRowView.swift */,
			);
			path = Views;
			sourceTree = "<group>";
		};
		B09D56D82C1D044E00F5BD98 /* Resources */ = {
			isa = PBXGroup;
			children = (
				B09D56E22C1D46F100F5BD98 /* Videos */,
				B09D56DD2C1D447300F5BD98 /* Data */,
				B09D56D92C1D045500F5BD98 /* Fonts */,
			);
			path = Resources;
			sourceTree = "<group>";
		};
		B09D56D92C1D045500F5BD98 /* Fonts */ = {
			isa = PBXGroup;
			children = (
				B09D56E72C1D47BC00F5BD98 /* OpenSans-Bold.ttf */,
				B09D56E62C1D47BC00F5BD98 /* OpenSans-ExtraBold.ttf */,
				B09D56E32C1D47BB00F5BD98 /* OpenSans-Light.ttf */,
				B09D56E42C1D47BB00F5BD98 /* OpenSans-Regular.ttf */,
				B09D56E52C1D47BB00F5BD98 /* OpenSans-SemiBold.ttf */,
			);
			path = Fonts;
			sourceTree = "<group>";
		};
		B09D56DA2C1D066100F5BD98 /* Utils */ = {
			isa = PBXGroup;
			children = (
				B09D56E02C1D45A700F5BD98 /* Extension+Bundle.swift */,
				B09D56EE2C1D487B00F5BD98 /* FontManager.swift */,
			);
			path = Utils;
			sourceTree = "<group>";
		};
		B09D56DD2C1D447300F5BD98 /* Data */ = {
			isa = PBXGroup;
			children = (
				B09D56DE2C1D448100F5BD98 /* auctions.json */,
			);
			path = Data;
			sourceTree = "<group>";
		};
		B09D56E22C1D46F100F5BD98 /* Videos */ = {
			isa = PBXGroup;
			children = (
				B09D571F2C1D77B000F5BD98 /* video_b_01.mp4 */,
				B09D57202C1D77B000F5BD98 /* video_b_02.mp4 */,
				B09D571E2C1D77B000F5BD98 /* video_b_03.mp4 */,
				B09D57212C1D77B000F5BD98 /* video_b_04.mp4 */,
				B09D57172C1D77A400F5BD98 /* video_a_01.mp4 */,
				B09D57182C1D77A400F5BD98 /* video_a_02.mp4 */,
				B09D57162C1D77A400F5BD98 /* video_a_03.mp4 */,
				B09D57192C1D77A500F5BD98 /* video_a_04.mp4 */,
			);
			path = Videos;
			sourceTree = "<group>";
		};
/* End PBXGroup section */

/* Begin PBXNativeTarget section */
		B09D56C42C1CFF9A00F5BD98 /* BaT */ = {
			isa = PBXNativeTarget;
			buildConfigurationList = B09D56D32C1CFF9B00F5BD98 /* Build configuration list for PBXNativeTarget "BaT" */;
			buildPhases = (
				B09D56C12C1CFF9A00F5BD98 /* Sources */,
				B09D56C22C1CFF9A00F5BD98 /* Frameworks */,
				B09D56C32C1CFF9A00F5BD98 /* Resources */,
			);
			buildRules = (
			);
			dependencies = (
			);
			name = BaT;
			productName = BringATrailer;
			productReference = B09D56C52C1CFF9A00F5BD98 /* BaT.app */;
			productType = "com.apple.product-type.application";
		};
/* End PBXNativeTarget section */

/* Begin PBXProject section */
		B09D56BD2C1CFF9A00F5BD98 /* Project object */ = {
			isa = PBXProject;
			attributes = {
				BuildIndependentTargetsInParallel = 1;
				LastSwiftUpdateCheck = 1540;
				LastUpgradeCheck = 1540;
				TargetAttributes = {
					B09D56C42C1CFF9A00F5BD98 = {
						CreatedOnToolsVersion = 15.4;
					};
				};
			};
			buildConfigurationList = B09D56C02C1CFF9A00F5BD98 /* Build configuration list for PBXProject "BaT" */;
			compatibilityVersion = "Xcode 14.0";
			developmentRegion = en;
			hasScannedForEncodings = 0;
			knownRegions = (
				en,
				Base,
			);
			mainGroup = B09D56BC2C1CFF9A00F5BD98;
			productRefGroup = B09D56C62C1CFF9A00F5BD98 /* Products */;
			projectDirPath = "";
			projectRoot = "";
			targets = (
				B09D56C42C1CFF9A00F5BD98 /* BaT */,
			);
		};
/* End PBXProject section */

/* Begin PBXResourcesBuildPhase section */
		B09D56C32C1CFF9A00F5BD98 /* Resources */ = {
			isa = PBXResourcesBuildPhase;
			buildActionMask = 2147483647;
			files = (
				B09D56E92C1D47BC00F5BD98 /* OpenSans-Regular.ttf in Resources */,
				B09D571A2C1D77A500F5BD98 /* video_a_03.mp4 in Resources */,
				B09D56D02C1CFF9B00F5BD98 /* Preview Assets.xcassets in Resources */,
				B09D57222C1D77B000F5BD98 /* video_b_03.mp4 in Resources */,
				B09D571D2C1D77A500F5BD98 /* video_a_04.mp4 in Resources */,
				B09D56EC2C1D47BC00F5BD98 /* OpenSans-Bold.ttf in Resources */,
				B09D56EB2C1D47BC00F5BD98 /* OpenSans-ExtraBold.ttf in Resources */,
				B09D57232C1D77B000F5BD98 /* video_b_01.mp4 in Resources */,
				B09D57252C1D77B000F5BD98 /* video_b_04.mp4 in Resources */,
				B09D571C2C1D77A500F5BD98 /* video_a_02.mp4 in Resources */,
				B09D57242C1D77B000F5BD98 /* video_b_02.mp4 in Resources */,
				B09D57262C1E03D500F5BD98 /* auctions.json in Resources */,
				B09D571B2C1D77A500F5BD98 /* video_a_01.mp4 in Resources */,
				B09D56E82C1D47BC00F5BD98 /* OpenSans-Light.ttf in Resources */,
				B09D56EA2C1D47BC00F5BD98 /* OpenSans-SemiBold.ttf in Resources */,
				B09D56CD2C1CFF9B00F5BD98 /* Assets.xcassets in Resources */,
			);
			runOnlyForDeploymentPostprocessing = 0;
		};
/* End PBXResourcesBuildPhase section */

/* Begin PBXSourcesBuildPhase section */
		B09D56C12C1CFF9A00F5BD98 /* Sources */ = {
			isa = PBXSourcesBuildPhase;
			buildActionMask = 2147483647;
			files = (
				B09D56EF2C1D487B00F5BD98 /* FontManager.swift in Sources */,
				B09D56CB2C1CFF9A00F5BD98 /* ContentView.swift in Sources */,
				B09D56DC2C1D446900F5BD98 /* Auction.swift in Sources */,
				B09D56C92C1CFF9A00F5BD98 /* BringATrailerApp.swift in Sources */,
				B09D56E12C1D45A700F5BD98 /* Extension+Bundle.swift in Sources */,
				B09D572A2C1E0BD300F5BD98 /* AuctionRowView.swift in Sources */,
				B09D57282C1E0BC200F5BD98 /* AuctionDetailView.swift in Sources */,
				B09D56F12C1D4AA500F5BD98 /* AuctionData.swift in Sources */,
			);
			runOnlyForDeploymentPostprocessing = 0;
		};
/* End PBXSourcesBuildPhase section */

/* Begin XCBuildConfiguration section */
		B09D56D12C1CFF9B00F5BD98 /* Debug */ = {
			isa = XCBuildConfiguration;
			buildSettings = {
				ALWAYS_SEARCH_USER_PATHS = NO;
				ASSETCATALOG_COMPILER_GENERATE_SWIFT_ASSET_SYMBOL_EXTENSIONS = YES;
				CLANG_ANALYZER_NONNULL = YES;
				CLANG_ANALYZER_NUMBER_OBJECT_CONVERSION = YES_AGGRESSIVE;
				CLANG_CXX_LANGUAGE_STANDARD = "gnu++20";
				CLANG_ENABLE_MODULES = YES;
				CLANG_ENABLE_OBJC_ARC = YES;
				CLANG_ENABLE_OBJC_WEAK = YES;
				CLANG_WARN_BLOCK_CAPTURE_AUTORELEASING = YES;
				CLANG_WARN_BOOL_CONVERSION = YES;
				CLANG_WARN_COMMA = YES;
				CLANG_WARN_CONSTANT_CONVERSION = YES;
				CLANG_WARN_DEPRECATED_OBJC_IMPLEMENTATIONS = YES;
				CLANG_WARN_DIRECT_OBJC_ISA_USAGE = YES_ERROR;
				CLANG_WARN_DOCUMENTATION_COMMENTS = YES;
				CLANG_WARN_EMPTY_BODY = YES;
				CLANG_WARN_ENUM_CONVERSION = YES;
				CLANG_WARN_INFINITE_RECURSION = YES;
				CLANG_WARN_INT_CONVERSION = YES;
				CLANG_WARN_NON_LITERAL_NULL_CONVERSION = YES;
				CLANG_WARN_OBJC_IMPLICIT_RETAIN_SELF = YES;
				CLANG_WARN_OBJC_LITERAL_CONVERSION = YES;
				CLANG_WARN_OBJC_ROOT_CLASS = YES_ERROR;
				CLANG_WARN_QUOTED_INCLUDE_IN_FRAMEWORK_HEADER = YES;
				CLANG_WARN_RANGE_LOOP_ANALYSIS = YES;
				CLANG_WARN_STRICT_PROTOTYPES = YES;
				CLANG_WARN_SUSPICIOUS_MOVE = YES;
				CLANG_WARN_UNGUARDED_AVAILABILITY = YES_AGGRESSIVE;
				CLANG_WARN_UNREACHABLE_CODE = YES;
				CLANG_WARN__DUPLICATE_METHOD_MATCH = YES;
				COPY_PHASE_STRIP = NO;
				DEBUG_INFORMATION_FORMAT = dwarf;
				ENABLE_STRICT_OBJC_MSGSEND = YES;
				ENABLE_TESTABILITY = YES;
				ENABLE_USER_SCRIPT_SANDBOXING = YES;
				GCC_C_LANGUAGE_STANDARD = gnu17;
				GCC_DYNAMIC_NO_PIC = NO;
				GCC_NO_COMMON_BLOCKS = YES;
				GCC_OPTIMIZATION_LEVEL = 0;
				GCC_PREPROCESSOR_DEFINITIONS = (
					"DEBUG=1",
					"$(inherited)",
				);
				GCC_WARN_64_TO_32_BIT_CONVERSION = YES;
				GCC_WARN_ABOUT_RETURN_TYPE = YES_ERROR;
				GCC_WARN_UNDECLARED_SELECTOR = YES;
				GCC_WARN_UNINITIALIZED_AUTOS = YES_AGGRESSIVE;
				GCC_WARN_UNUSED_FUNCTION = YES;
				GCC_WARN_UNUSED_VARIABLE = YES;
				IPHONEOS_DEPLOYMENT_TARGET = 17.5;
				LOCALIZATION_PREFERS_STRING_CATALOGS = YES;
				MTL_ENABLE_DEBUG_INFO = INCLUDE_SOURCE;
				MTL_FAST_MATH = YES;
				ONLY_ACTIVE_ARCH = YES;
				SDKROOT = iphoneos;
				SWIFT_ACTIVE_COMPILATION_CONDITIONS = "DEBUG $(inherited)";
				SWIFT_OPTIMIZATION_LEVEL = "-Onone";
			};
			name = Debug;
		};
		B09D56D22C1CFF9B00F5BD98 /* Release */ = {
			isa = XCBuildConfiguration;
			buildSettings = {
				ALWAYS_SEARCH_USER_PATHS = NO;
				ASSETCATALOG_COMPILER_GENERATE_SWIFT_ASSET_SYMBOL_EXTENSIONS = YES;
				CLANG_ANALYZER_NONNULL = YES;
				CLANG_ANALYZER_NUMBER_OBJECT_CONVERSION = YES_AGGRESSIVE;
				CLANG_CXX_LANGUAGE_STANDARD = "gnu++20";
				CLANG_ENABLE_MODULES = YES;
				CLANG_ENABLE_OBJC_ARC = YES;
				CLANG_ENABLE_OBJC_WEAK = YES;
				CLANG_WARN_BLOCK_CAPTURE_AUTORELEASING = YES;
				CLANG_WARN_BOOL_CONVERSION = YES;
				CLANG_WARN_COMMA = YES;
				CLANG_WARN_CONSTANT_CONVERSION = YES;
				CLANG_WARN_DEPRECATED_OBJC_IMPLEMENTATIONS = YES;
				CLANG_WARN_DIRECT_OBJC_ISA_USAGE = YES_ERROR;
				CLANG_WARN_DOCUMENTATION_COMMENTS = YES;
				CLANG_WARN_EMPTY_BODY = YES;
				CLANG_WARN_ENUM_CONVERSION = YES;
				CLANG_WARN_INFINITE_RECURSION = YES;
				CLANG_WARN_INT_CONVERSION = YES;
				CLANG_WARN_NON_LITERAL_NULL_CONVERSION = YES;
				CLANG_WARN_OBJC_IMPLICIT_RETAIN_SELF = YES;
				CLANG_WARN_OBJC_LITERAL_CONVERSION = YES;
				CLANG_WARN_OBJC_ROOT_CLASS = YES_ERROR;
				CLANG_WARN_QUOTED_INCLUDE_IN_FRAMEWORK_HEADER = YES;
				CLANG_WARN_RANGE_LOOP_ANALYSIS = YES;
				CLANG_WARN_STRICT_PROTOTYPES = YES;
				CLANG_WARN_SUSPICIOUS_MOVE = YES;
				CLANG_WARN_UNGUARDED_AVAILABILITY = YES_AGGRESSIVE;
				CLANG_WARN_UNREACHABLE_CODE = YES;
				CLANG_WARN__DUPLICATE_METHOD_MATCH = YES;
				COPY_PHASE_STRIP = NO;
				DEBUG_INFORMATION_FORMAT = "dwarf-with-dsym";
				ENABLE_NS_ASSERTIONS = NO;
				ENABLE_STRICT_OBJC_MSGSEND = YES;
				ENABLE_USER_SCRIPT_SANDBOXING = YES;
				GCC_C_LANGUAGE_STANDARD = gnu17;
				GCC_NO_COMMON_BLOCKS = YES;
				GCC_WARN_64_TO_32_BIT_CONVERSION = YES;
				GCC_WARN_ABOUT_RETURN_TYPE = YES_ERROR;
				GCC_WARN_UNDECLARED_SELECTOR = YES;
				GCC_WARN_UNINITIALIZED_AUTOS = YES_AGGRESSIVE;
				GCC_WARN_UNUSED_FUNCTION = YES;
				GCC_WARN_UNUSED_VARIABLE = YES;
				IPHONEOS_DEPLOYMENT_TARGET = 17.5;
				LOCALIZATION_PREFERS_STRING_CATALOGS = YES;
				MTL_ENABLE_DEBUG_INFO = NO;
				MTL_FAST_MATH = YES;
				SDKROOT = iphoneos;
				SWIFT_COMPILATION_MODE = wholemodule;
				VALIDATE_PRODUCT = YES;
			};
			name = Release;
		};
		B09D56D42C1CFF9B00F5BD98 /* Debug */ = {
			isa = XCBuildConfiguration;
			buildSettings = {
				ASSETCATALOG_COMPILER_APPICON_NAME = AppIcon;
				ASSETCATALOG_COMPILER_GLOBAL_ACCENT_COLOR_NAME = AccentColor;
				CODE_SIGN_STYLE = Automatic;
				CURRENT_PROJECT_VERSION = 1;
				DEVELOPMENT_ASSET_PATHS = "\"BringATrailer/Preview Content\"";
				DEVELOPMENT_TEAM = 6Y33CRE77K;
				ENABLE_PREVIEWS = YES;
				GENERATE_INFOPLIST_FILE = YES;
				INFOPLIST_FILE = "BaT-Info.plist";
				INFOPLIST_KEY_UIApplicationSceneManifest_Generation = YES;
				INFOPLIST_KEY_UIApplicationSupportsIndirectInputEvents = YES;
				INFOPLIST_KEY_UILaunchScreen_Generation = YES;
				INFOPLIST_KEY_UISupportedInterfaceOrientations_iPad = "UIInterfaceOrientationPortrait UIInterfaceOrientationPortraitUpsideDown UIInterfaceOrientationLandscapeLeft UIInterfaceOrientationLandscapeRight";
				INFOPLIST_KEY_UISupportedInterfaceOrientations_iPhone = "UIInterfaceOrientationPortrait UIInterfaceOrientationLandscapeLeft UIInterfaceOrientationLandscapeRight";
				LD_RUNPATH_SEARCH_PATHS = (
					"$(inherited)",
					"@executable_path/Frameworks",
				);
				MARKETING_VERSION = 1.0;
				PRODUCT_BUNDLE_IDENTIFIER = com.waynedahlberg.BringATrailer;
				PRODUCT_NAME = "$(TARGET_NAME)";
				SWIFT_EMIT_LOC_STRINGS = YES;
				SWIFT_VERSION = 5.0;
				TARGETED_DEVICE_FAMILY = "1,2";
			};
			name = Debug;
		};
		B09D56D52C1CFF9B00F5BD98 /* Release */ = {
			isa = XCBuildConfiguration;
			buildSettings = {
				ASSETCATALOG_COMPILER_APPICON_NAME = AppIcon;
				ASSETCATALOG_COMPILER_GLOBAL_ACCENT_COLOR_NAME = AccentColor;
				CODE_SIGN_STYLE = Automatic;
				CURRENT_PROJECT_VERSION = 1;
				DEVELOPMENT_ASSET_PATHS = "\"BringATrailer/Preview Content\"";
				DEVELOPMENT_TEAM = 6Y33CRE77K;
				ENABLE_PREVIEWS = YES;
				GENERATE_INFOPLIST_FILE = YES;
				INFOPLIST_FILE = "BaT-Info.plist";
				INFOPLIST_KEY_UIApplicationSceneManifest_Generation = YES;
				INFOPLIST_KEY_UIApplicationSupportsIndirectInputEvents = YES;
				INFOPLIST_KEY_UILaunchScreen_Generation = YES;
				INFOPLIST_KEY_UISupportedInterfaceOrientations_iPad = "UIInterfaceOrientationPortrait UIInterfaceOrientationPortraitUpsideDown UIInterfaceOrientationLandscapeLeft UIInterfaceOrientationLandscapeRight";
				INFOPLIST_KEY_UISupportedInterfaceOrientations_iPhone = "UIInterfaceOrientationPortrait UIInterfaceOrientationLandscapeLeft UIInterfaceOrientationLandscapeRight";
				LD_RUNPATH_SEARCH_PATHS = (
					"$(inherited)",
					"@executable_path/Frameworks",
				);
				MARKETING_VERSION = 1.0;
				PRODUCT_BUNDLE_IDENTIFIER = com.waynedahlberg.BringATrailer;
				PRODUCT_NAME = "$(TARGET_NAME)";
				SWIFT_EMIT_LOC_STRINGS = YES;
				SWIFT_VERSION = 5.0;
				TARGETED_DEVICE_FAMILY = "1,2";
			};
			name = Release;
		};
/* End XCBuildConfiguration section */

/* Begin XCConfigurationList section */
		B09D56C02C1CFF9A00F5BD98 /* Build configuration list for PBXProject "BaT" */ = {
			isa = XCConfigurationList;
			buildConfigurations = (
				B09D56D12C1CFF9B00F5BD98 /* Debug */,
				B09D56D22C1CFF9B00F5BD98 /* Release */,
			);
			defaultConfigurationIsVisible = 0;
			defaultConfigurationName = Release;
		};
		B09D56D32C1CFF9B00F5BD98 /* Build configuration list for PBXNativeTarget "BaT" */ = {
			isa = XCConfigurationList;
			buildConfigurations = (
				B09D56D42C1CFF9B00F5BD98 /* Debug */,
				B09D56D52C1CFF9B00F5BD98 /* Release */,
			);
			defaultConfigurationIsVisible = 0;
			defaultConfigurationName = Release;
		};
/* End XCConfigurationList section */
	};
	rootObject = B09D56BD2C1CFF9A00F5BD98 /* Project object */;
}
